
Microsoft Visual Studio Solution File, Format Version 12.00
# Visual Studio Version 16
VisualStudioVersion = 16.0.30717.126
MinimumVisualStudioVersion = 10.0.40219.1
Project("{FAE04EC0-301F-11D3-BF4B-00C04F79EFBC}") = "G5_Website_giay", "G5_Website_giay\G5_Website_giay.csproj", "{E9F598FF-7DB5-40B9-AE8A-34D6EAD97EA1}"
EndProject
Global
	GlobalSection(SolutionConfigurationPlatforms) = preSolution
		Debug|Any CPU = Debug|Any CPU
		Release|Any CPU = Release|Any CPU
	EndGlobalSection
	GlobalSection(ProjectConfigurationPlatforms) = postSolution
		{E9F598FF-7DB5-40B9-AE8A-34D6EAD97EA1}.Debug|Any CPU.ActiveCfg = Debug|Any CPU
		{E9F598FF-7DB5-40B9-AE8A-34D6EAD97EA1}.Debug|Any CPU.Build.0 = Debug|Any CPU
		{E9F598FF-7DB5-40B9-AE8A-34D6EAD97EA1}.Release|Any CPU.ActiveCfg = Release|Any CPU
		{E9F598FF-7DB5-40B9-AE8A-34D6EAD97EA1}.Release|Any CPU.Build.0 = Release|Any CPU
	EndGlobalSection
	GlobalSection(SolutionProperties) = preSolution
		HideSolutionNode = FALSE
	EndGlobalSection
	GlobalSection(ExtensibilityGlobals) = postSolution
		SolutionGuid = {ED9D8338-781F-42A3-8299-CF8C85638831}
	EndGlobalSection
EndGlobal
